
Microsoft Visual Studio Solution File, Format Version 12.00
# Visual Studio Version 16
VisualStudioVersion = 16.0.30621.155
MinimumVisualStudioVersion = 10.0.40219.1
Project("{9A19103F-16F7-4668-BE54-9A1E7A4F7556}") = "Lombard", "Lombard.csproj", "{B5D69305-3372-482C-BCAF-4118F36EF904}"
EndProject
Global
	GlobalSection(SolutionConfigurationPlatforms) = preSolution
		Debug|Any CPU = Debug|Any CPU
		Release|Any CPU = Release|Any CPU
	EndGlobalSection
	GlobalSection(ProjectConfigurationPlatforms) = postSolution
		{B5D69305-3372-482C-BCAF-4118F36EF904}.Debug|Any CPU.ActiveCfg = Debug|Any CPU
		{B5D69305-3372-482C-BCAF-4118F36EF904}.Debug|Any CPU.Build.0 = Debug|Any CPU
		{B5D69305-3372-482C-BCAF-4118F36EF904}.Release|Any CPU.ActiveCfg = Release|Any CPU
		{B5D69305-3372-482C-BCAF-4118F36EF904}.Release|Any CPU.Build.0 = Release|Any CPU
	EndGlobalSection
	GlobalSection(SolutionProperties) = preSolution
		HideSolutionNode = FALSE
	EndGlobalSection
	GlobalSection(ExtensibilityGlobals) = postSolution
		SolutionGuid = {F0BF4AF1-10EA-408F-898F-4B331C1A3961}
	EndGlobalSection
EndGlobal
